Microsoft Visual Studio Solution File, Format Version 12.00
# Visual Studio Version 17
VisualStudioVersion = 17.4.33213.308
MinimumVisualStudioVersion = 10.0.40219.1
Project("{9A19103F-16F7-4668-BE54-9A1E7A4F7556}") = "UsersApi", "UsersApi\UsersApi.csproj", "{B7F10773-8E0A-44E2-ABBA-1886E54E024B}"
EndProject
Project("{2150E333-8FDC-42A3-9474-1A3956D46DE8}") = "Api", "Api", "{787AF2CE-817C-4102-8393-778770E590D0}"
EndProject
Project("{2150E333-8FDC-42A3-9474-1A3956D46DE8}") = "Domain", "Domain", "{2D3E04FD-4307-422E-8EF5-BB9F949073EF}"
EndProject
Project("{2150E333-8FDC-42A3-9474-1A3956D46DE8}") = "Application", "Application", "{9CDF3011-8CAB-46D7-B215-810A1451073E}"
EndProject
Project("{2150E333-8FDC-42A3-9474-1A3956D46DE8}") = "Infrastructure", "Infrastructure", "{F18B7874-4A81-492C-BCF0-772244E6BA57}"
EndProject
Project("{9A19103F-16F7-4668-BE54-9A1E7A4F7556}") = "Domain", "Domain\Domain.csproj", "{126CEEE4-D4E5-4D2D-A2B2-602E4861CF1A}"
EndProject
Project("{9A19103F-16F7-4668-BE54-9A1E7A4F7556}") = "Persistence", "Persistence\Persistence.csproj", "{2780DBB0-CC2B-4253-84A9-8745A1E801D2}"
EndProject
Project("{9A19103F-16F7-4668-BE54-9A1E7A4F7556}") = "Contracts", "Contracts\Contracts.csproj", "{F45A02F3-73F7-462E-9FA7-C513E1D0A951}"
EndProject
Project("{9A19103F-16F7-4668-BE54-9A1E7A4F7556}") = "Service.Abstraction", "Service.Abstraction\Service.Abstraction.csproj", "{F371E8C3-F493-4CC3-9803-1F051A9FFD63}"
EndProject
Project("{9A19103F-16F7-4668-BE54-9A1E7A4F7556}") = "Services", "Services\Services.csproj", "{66CB7EAC-581A-45CC-B2A7-34C4F53201F1}"
EndProject
Global
	GlobalSection(SolutionConfigurationPlatforms) = preSolution
		Debug|Any CPU = Debug|Any CPU
		Release|Any CPU = Release|Any CPU
	EndGlobalSection
	GlobalSection(ProjectConfigurationPlatforms) = postSolution
		{B7F10773-8E0A-44E2-ABBA-1886E54E024B}.Debug|Any CPU.ActiveCfg = Debug|Any CPU
		{B7F10773-8E0A-44E2-ABBA-1886E54E024B}.Debug|Any CPU.Build.0 = Debug|Any CPU
		{B7F10773-8E0A-44E2-ABBA-1886E54E024B}.Release|Any CPU.ActiveCfg = Release|Any CPU
		{B7F10773-8E0A-44E2-ABBA-1886E54E024B}.Release|Any CPU.Build.0 = Release|Any CPU
		{126CEEE4-D4E5-4D2D-A2B2-602E4861CF1A}.Debug|Any CPU.ActiveCfg = Debug|Any CPU
		{126CEEE4-D4E5-4D2D-A2B2-602E4861CF1A}.Debug|Any CPU.Build.0 = Debug|Any CPU
		{126CEEE4-D4E5-4D2D-A2B2-602E4861CF1A}.Release|Any CPU.ActiveCfg = Release|Any CPU
		{126CEEE4-D4E5-4D2D-A2B2-602E4861CF1A}.Release|Any CPU.Build.0 = Release|Any CPU
		{2780DBB0-CC2B-4253-84A9-8745A1E801D2}.Debug|Any CPU.ActiveCfg = Debug|Any CPU
		{2780DBB0-CC2B-4253-84A9-8745A1E801D2}.Debug|Any CPU.Build.0 = Debug|Any CPU
		{2780DBB0-CC2B-4253-84A9-8745A1E801D2}.Release|Any CPU.ActiveCfg = Release|Any CPU
		{2780DBB0-CC2B-4253-84A9-8745A1E801D2}.Release|Any CPU.Build.0 = Release|Any CPU
		{F45A02F3-73F7-462E-9FA7-C513E1D0A951}.Debug|Any CPU.ActiveCfg = Debug|Any CPU
		{F45A02F3-73F7-462E-9FA7-C513E1D0A951}.Debug|Any CPU.Build.0 = Debug|Any CPU
		{F45A02F3-73F7-462E-9FA7-C513E1D0A951}.Release|Any CPU.ActiveCfg = Release|Any CPU
		{F45A02F3-73F7-462E-9FA7-C513E1D0A951}.Release|Any CPU.Build.0 = Release|Any CPU
		{F371E8C3-F493-4CC3-9803-1F051A9FFD63}.Debug|Any CPU.ActiveCfg = Debug|Any CPU
		{F371E8C3-F493-4CC3-9803-1F051A9FFD63}.Debug|Any CPU.Build.0 = Debug|Any CPU
		{F371E8C3-F493-4CC3-9803-1F051A9FFD63}.Release|Any CPU.ActiveCfg = Release|Any CPU
		{F371E8C3-F493-4CC3-9803-1F051A9FFD63}.Release|Any CPU.Build.0 = Release|Any CPU
		{66CB7EAC-581A-45CC-B2A7-34C4F53201F1}.Debug|Any CPU.ActiveCfg = Debug|Any CPU
		{66CB7EAC-581A-45CC-B2A7-34C4F53201F1}.Debug|Any CPU.Build.0 = Debug|Any CPU
		{66CB7EAC-581A-45CC-B2A7-34C4F53201F1}.Release|Any CPU.ActiveCfg = Release|Any CPU
		{66CB7EAC-581A-45CC-B2A7-34C4F53201F1}.Release|Any CPU.Build.0 = Release|Any CPU
	EndGlobalSection
	GlobalSection(SolutionProperties) = preSolution
		HideSolutionNode = FALSE
	EndGlobalSection
	GlobalSection(NestedProjects) = preSolution
		{B7F10773-8E0A-44E2-ABBA-1886E54E024B} = {787AF2CE-817C-4102-8393-778770E590D0}
		{126CEEE4-D4E5-4D2D-A2B2-602E4861CF1A} = {2D3E04FD-4307-422E-8EF5-BB9F949073EF}
		{2780DBB0-CC2B-4253-84A9-8745A1E801D2} = {F18B7874-4A81-492C-BCF0-772244E6BA57}
		{F45A02F3-73F7-462E-9FA7-C513E1D0A951} = {9CDF3011-8CAB-46D7-B215-810A1451073E}
		{F371E8C3-F493-4CC3-9803-1F051A9FFD63} = {9CDF3011-8CAB-46D7-B215-810A1451073E}
		{66CB7EAC-581A-45CC-B2A7-34C4F53201F1} = {9CDF3011-8CAB-46D7-B215-810A1451073E}
	EndGlobalSection
	GlobalSection(ExtensibilityGlobals) = postSolution
		SolutionGuid = {890BCAF8-B099-4CB0-A17C-CEDCE573D819}
	EndGlobalSection
EndGlobal
